
Microsoft Visual Studio Solution File, Format Version 12.00
# Visual Studio Version 17
VisualStudioVersion = 17.14.36915.13 d17.14
MinimumVisualStudioVersion = 10.0.40219.1
Project("{FAE04EC0-301F-11D3-BF4B-00C04F79EFBC}") = "DoAnTotNghiep", "DoAnTotNghiep\DoAnTotNghiep.csproj", "{99957EDD-83A4-4301-9297-385E1539CDAF}"
EndProject
Global
	GlobalSection(SolutionConfigurationPlatforms) = preSolution
		Debug|Any CPU = Debug|Any CPU
		Release|Any CPU = Release|Any CPU
	EndGlobalSection
	GlobalSection(ProjectConfigurationPlatforms) = postSolution
		{99957EDD-83A4-4301-9297-385E1539CDAF}.Debug|Any CPU.ActiveCfg = Debug|Any CPU
		{99957EDD-83A4-4301-9297-385E1539CDAF}.Debug|Any CPU.Build.0 = Debug|Any CPU
		{99957EDD-83A4-4301-9297-385E1539CDAF}.Release|Any CPU.ActiveCfg = Release|Any CPU
		{99957EDD-83A4-4301-9297-385E1539CDAF}.Release|Any CPU.Build.0 = Release|Any CPU
	EndGlobalSection
	GlobalSection(SolutionProperties) = preSolution
		HideSolutionNode = FALSE
	EndGlobalSection
	GlobalSection(ExtensibilityGlobals) = postSolution
		SolutionGuid = {E91B81AF-0DE0-4374-B344-DD775FADF8DC}
	EndGlobalSection
EndGlobal
